
Microsoft Visual Studio Solution File, Format Version 12.00
# Visual Studio Version 17
VisualStudioVersion = 17.0.32014.148
MinimumVisualStudioVersion = 10.0.40219.1
Project("{2150E333-8FDC-42A3-9474-1A3956D46DE8}") = "src", "src", "{BD029A9F-460C-4A50-B3CA-2CC3A2593FF0}"
EndProject
Project("{2150E333-8FDC-42A3-9474-1A3956D46DE8}") = "Core", "Core", "{DDC47D7F-DEF2-4138-AFFC-278C01F99F24}"
EndProject
Project("{9A19103F-16F7-4668-BE54-9A1E7A4F7556}") = "CoreLayer", "src\Core\CoreLayer\CoreLayer.csproj", "{B2B55558-B7EC-4B7E-B00A-17F6A0188F7F}"
EndProject
Project("{2150E333-8FDC-42A3-9474-1A3956D46DE8}") = "Repository", "Repository", "{788A941B-BB28-4E4D-8621-3C5207C0E5EA}"
EndProject
Project("{9A19103F-16F7-4668-BE54-9A1E7A4F7556}") = "RepositoryLayer", "src\Repository\RepositoryLayer\RepositoryLayer.csproj", "{862617AA-CD72-4963-8F59-2489AC4FDF9C}"
EndProject
Project("{2150E333-8FDC-42A3-9474-1A3956D46DE8}") = "Service", "Service", "{40F50934-F96B-4D4A-B2A0-CCD6065E03FC}"
EndProject
Project("{2150E333-8FDC-42A3-9474-1A3956D46DE8}") = "API", "API", "{0A7D1274-637F-4A3C-9F25-C2574A8C02AA}"
EndProject
Project("{9A19103F-16F7-4668-BE54-9A1E7A4F7556}") = "ApiLayer", "src\API\ApiLayer\ApiLayer.csproj", "{FEA3B975-9A79-4020-A17A-1986A555F842}"
EndProject
Project("{2150E333-8FDC-42A3-9474-1A3956D46DE8}") = "Cache", "Cache", "{28339411-E420-435F-AFA7-47BA26A8C939}"
EndProject
Project("{9A19103F-16F7-4668-BE54-9A1E7A4F7556}") = "CacheLayer", "src\Cache\CacheLayer\CacheLayer.csproj", "{74AEC2C6-4D04-4BF6-9ADA-209B83571CD4}"
EndProject
Project("{9A19103F-16F7-4668-BE54-9A1E7A4F7556}") = "ServiceLayer", "src\Service\ServiceLayer\ServiceLayer\ServiceLayer.csproj", "{D5489B41-D627-43A1-B9A3-9E36D6ABDD55}"
EndProject
Global
	GlobalSection(SolutionConfigurationPlatforms) = preSolution
		Debug|Any CPU = Debug|Any CPU
		Release|Any CPU = Release|Any CPU
	EndGlobalSection
	GlobalSection(ProjectConfigurationPlatforms) = postSolution
		{B2B55558-B7EC-4B7E-B00A-17F6A0188F7F}.Debug|Any CPU.ActiveCfg = Debug|Any CPU
		{B2B55558-B7EC-4B7E-B00A-17F6A0188F7F}.Debug|Any CPU.Build.0 = Debug|Any CPU
		{B2B55558-B7EC-4B7E-B00A-17F6A0188F7F}.Release|Any CPU.ActiveCfg = Release|Any CPU
		{B2B55558-B7EC-4B7E-B00A-17F6A0188F7F}.Release|Any CPU.Build.0 = Release|Any CPU
		{862617AA-CD72-4963-8F59-2489AC4FDF9C}.Debug|Any CPU.ActiveCfg = Debug|Any CPU
		{862617AA-CD72-4963-8F59-2489AC4FDF9C}.Debug|Any CPU.Build.0 = Debug|Any CPU
		{862617AA-CD72-4963-8F59-2489AC4FDF9C}.Release|Any CPU.ActiveCfg = Release|Any CPU
		{862617AA-CD72-4963-8F59-2489AC4FDF9C}.Release|Any CPU.Build.0 = Release|Any CPU
		{FEA3B975-9A79-4020-A17A-1986A555F842}.Debug|Any CPU.ActiveCfg = Debug|Any CPU
		{FEA3B975-9A79-4020-A17A-1986A555F842}.Debug|Any CPU.Build.0 = Debug|Any CPU
		{FEA3B975-9A79-4020-A17A-1986A555F842}.Release|Any CPU.ActiveCfg = Release|Any CPU
		{FEA3B975-9A79-4020-A17A-1986A555F842}.Release|Any CPU.Build.0 = Release|Any CPU
		{74AEC2C6-4D04-4BF6-9ADA-209B83571CD4}.Debug|Any CPU.ActiveCfg = Debug|Any CPU
		{74AEC2C6-4D04-4BF6-9ADA-209B83571CD4}.Debug|Any CPU.Build.0 = Debug|Any CPU
		{74AEC2C6-4D04-4BF6-9ADA-209B83571CD4}.Release|Any CPU.ActiveCfg = Release|Any CPU
		{74AEC2C6-4D04-4BF6-9ADA-209B83571CD4}.Release|Any CPU.Build.0 = Release|Any CPU
		{D5489B41-D627-43A1-B9A3-9E36D6ABDD55}.Debug|Any CPU.ActiveCfg = Debug|Any CPU
		{D5489B41-D627-43A1-B9A3-9E36D6ABDD55}.Debug|Any CPU.Build.0 = Debug|Any CPU
		{D5489B41-D627-43A1-B9A3-9E36D6ABDD55}.Release|Any CPU.ActiveCfg = Release|Any CPU
		{D5489B41-D627-43A1-B9A3-9E36D6ABDD55}.Release|Any CPU.Build.0 = Release|Any CPU
	EndGlobalSection
	GlobalSection(SolutionProperties) = preSolution
		HideSolutionNode = FALSE
	EndGlobalSection
	GlobalSection(NestedProjects) = preSolution
		{DDC47D7F-DEF2-4138-AFFC-278C01F99F24} = {BD029A9F-460C-4A50-B3CA-2CC3A2593FF0}
		{B2B55558-B7EC-4B7E-B00A-17F6A0188F7F} = {DDC47D7F-DEF2-4138-AFFC-278C01F99F24}
		{788A941B-BB28-4E4D-8621-3C5207C0E5EA} = {BD029A9F-460C-4A50-B3CA-2CC3A2593FF0}
		{862617AA-CD72-4963-8F59-2489AC4FDF9C} = {788A941B-BB28-4E4D-8621-3C5207C0E5EA}
		{40F50934-F96B-4D4A-B2A0-CCD6065E03FC} = {BD029A9F-460C-4A50-B3CA-2CC3A2593FF0}
		{0A7D1274-637F-4A3C-9F25-C2574A8C02AA} = {BD029A9F-460C-4A50-B3CA-2CC3A2593FF0}
		{FEA3B975-9A79-4020-A17A-1986A555F842} = {0A7D1274-637F-4A3C-9F25-C2574A8C02AA}
		{28339411-E420-435F-AFA7-47BA26A8C939} = {BD029A9F-460C-4A50-B3CA-2CC3A2593FF0}
		{74AEC2C6-4D04-4BF6-9ADA-209B83571CD4} = {28339411-E420-435F-AFA7-47BA26A8C939}
		{D5489B41-D627-43A1-B9A3-9E36D6ABDD55} = {40F50934-F96B-4D4A-B2A0-CCD6065E03FC}
	EndGlobalSection
	GlobalSection(ExtensibilityGlobals) = postSolution
		SolutionGuid = {AE8DB624-354B-495A-93EF-69C24B65C08A}
	EndGlobalSection
EndGlobal
